
Microsoft Visual Studio Solution File, Format Version 12.00
# Visual Studio Version 16
VisualStudioVersion = 16.0.29709.97
MinimumVisualStudioVersion = 10.0.40219.1
Project("{9A19103F-16F7-4668-BE54-9A1E7A4F7556}") = "CalculadoraDeMunicao", "CalculadoraDeMunicao\CalculadoraDeMunicao\CalculadoraDeMunicao.csproj", "{54697026-A5BD-43C5-A127-4660194D9982}"
EndProject
Project("{FAE04EC0-301F-11D3-BF4B-00C04F79EFBC}") = "CalculadoraDeMunicao.Android", "CalculadoraDeMunicao\CalculadoraDeMunicao.Android\CalculadoraDeMunicao.Android.csproj", "{21A1D568-11B3-4618-84F0-5407400436B2}"
EndProject
Project("{FAE04EC0-301F-11D3-BF4B-00C04F79EFBC}") = "CalculadoraDeMunicao.iOS", "CalculadoraDeMunicao\CalculadoraDeMunicao.iOS\CalculadoraDeMunicao.iOS.csproj", "{A5913BFE-B733-4DE8-8858-46303C28FFC5}"
EndProject
Global
	GlobalSection(SolutionConfigurationPlatforms) = preSolution
		Ad-Hoc|Any CPU = Ad-Hoc|Any CPU
		Ad-Hoc|iPhone = Ad-Hoc|iPhone
		Ad-Hoc|iPhoneSimulator = Ad-Hoc|iPhoneSimulator
		AppStore|Any CPU = AppStore|Any CPU
		AppStore|iPhone = AppStore|iPhone
		AppStore|iPhoneSimulator = AppStore|iPhoneSimulator
		Debug|Any CPU = Debug|Any CPU
		Debug|iPhone = Debug|iPhone
		Debug|iPhoneSimulator = Debug|iPhoneSimulator
		Release|Any CPU = Release|Any CPU
		Release|iPhone = Release|iPhone
		Release|iPhoneSimulator = Release|iPhoneSimulator
	EndGlobalSection
	GlobalSection(ProjectConfigurationPlatforms) = postSolution
		{54697026-A5BD-43C5-A127-4660194D9982}.Ad-Hoc|Any CPU.ActiveCfg = Debug|Any CPU
		{54697026-A5BD-43C5-A127-4660194D9982}.Ad-Hoc|Any CPU.Build.0 = Debug|Any CPU
		{54697026-A5BD-43C5-A127-4660194D9982}.Ad-Hoc|iPhone.ActiveCfg = Debug|Any CPU
		{54697026-A5BD-43C5-A127-4660194D9982}.Ad-Hoc|iPhone.Build.0 = Debug|Any CPU
		{54697026-A5BD-43C5-A127-4660194D9982}.Ad-Hoc|iPhoneSimulator.ActiveCfg = Debug|Any CPU
		{54697026-A5BD-43C5-A127-4660194D9982}.Ad-Hoc|iPhoneSimulator.Build.0 = Debug|Any CPU
		{54697026-A5BD-43C5-A127-4660194D9982}.AppStore|Any CPU.ActiveCfg = Debug|Any CPU
		{54697026-A5BD-43C5-A127-4660194D9982}.AppStore|Any CPU.Build.0 = Debug|Any CPU
		{54697026-A5BD-43C5-A127-4660194D9982}.AppStore|iPhone.ActiveCfg = Debug|Any CPU
		{54697026-A5BD-43C5-A127-4660194D9982}.AppStore|iPhone.Build.0 = Debug|Any CPU
		{54697026-A5BD-43C5-A127-4660194D9982}.AppStore|iPhoneSimulator.ActiveCfg = Debug|Any CPU
		{54697026-A5BD-43C5-A127-4660194D9982}.AppStore|iPhoneSimulator.Build.0 = Debug|Any CPU
		{54697026-A5BD-43C5-A127-4660194D9982}.Debug|Any CPU.ActiveCfg = Debug|Any CPU
		{54697026-A5BD-43C5-A127-4660194D9982}.Debug|Any CPU.Build.0 = Debug|Any CPU
		{54697026-A5BD-43C5-A127-4660194D9982}.Debug|iPhone.ActiveCfg = Debug|Any CPU
		{54697026-A5BD-43C5-A127-4660194D9982}.Debug|iPhone.Build.0 = Debug|Any CPU
		{54697026-A5BD-43C5-A127-4660194D9982}.Debug|iPhoneSimulator.ActiveCfg = Debug|Any CPU
		{54697026-A5BD-43C5-A127-4660194D9982}.Debug|iPhoneSimulator.Build.0 = Debug|Any CPU
		{54697026-A5BD-43C5-A127-4660194D9982}.Release|Any CPU.ActiveCfg = Release|Any CPU
		{54697026-A5BD-43C5-A127-4660194D9982}.Release|Any CPU.Build.0 = Release|Any CPU
		{54697026-A5BD-43C5-A127-4660194D9982}.Release|iPhone.ActiveCfg = Release|Any CPU
		{54697026-A5BD-43C5-A127-4660194D9982}.Release|iPhone.Build.0 = Release|Any CPU
		{54697026-A5BD-43C5-A127-4660194D9982}.Release|iPhoneSimulator.ActiveCfg = Release|Any CPU
		{54697026-A5BD-43C5-A127-4660194D9982}.Release|iPhoneSimulator.Build.0 = Release|Any CPU
		{21A1D568-11B3-4618-84F0-5407400436B2}.Ad-Hoc|Any CPU.ActiveCfg = Release|Any CPU
		{21A1D568-11B3-4618-84F0-5407400436B2}.Ad-Hoc|Any CPU.Build.0 = Release|Any CPU
		{21A1D568-11B3-4618-84F0-5407400436B2}.Ad-Hoc|Any CPU.Deploy.0 = Release|Any CPU
		{21A1D568-11B3-4618-84F0-5407400436B2}.Ad-Hoc|iPhone.ActiveCfg = Release|Any CPU
		{21A1D568-11B3-4618-84F0-5407400436B2}.Ad-Hoc|iPhone.Build.0 = Release|Any CPU
		{21A1D568-11B3-4618-84F0-5407400436B2}.Ad-Hoc|iPhone.Deploy.0 = Release|Any CPU
		{21A1D568-11B3-4618-84F0-5407400436B2}.Ad-Hoc|iPhoneSimulator.ActiveCfg = Release|Any CPU
		{21A1D568-11B3-4618-84F0-5407400436B2}.Ad-Hoc|iPhoneSimulator.Build.0 = Release|Any CPU
		{21A1D568-11B3-4618-84F0-5407400436B2}.Ad-Hoc|iPhoneSimulator.Deploy.0 = Release|Any CPU
		{21A1D568-11B3-4618-84F0-5407400436B2}.AppStore|Any CPU.ActiveCfg = Release|Any CPU
		{21A1D568-11B3-4618-84F0-5407400436B2}.AppStore|Any CPU.Build.0 = Release|Any CPU
		{21A1D568-11B3-4618-84F0-5407400436B2}.AppStore|Any CPU.Deploy.0 = Release|Any CPU
		{21A1D568-11B3-4618-84F0-5407400436B2}.AppStore|iPhone.ActiveCfg = Release|Any CPU
		{21A1D568-11B3-4618-84F0-5407400436B2}.AppStore|iPhone.Build.0 = Release|Any CPU
		{21A1D568-11B3-4618-84F0-5407400436B2}.AppStore|iPhone.Deploy.0 = Release|Any CPU
		{21A1D568-11B3-4618-84F0-5407400436B2}.AppStore|iPhoneSimulator.ActiveCfg = Release|Any CPU
		{21A1D568-11B3-4618-84F0-5407400436B2}.AppStore|iPhoneSimulator.Build.0 = Release|Any CPU
		{21A1D568-11B3-4618-84F0-5407400436B2}.AppStore|iPhoneSimulator.Deploy.0 = Release|Any CPU
		{21A1D568-11B3-4618-84F0-5407400436B2}.Debug|Any CPU.ActiveCfg = Debug|Any CPU
		{21A1D568-11B3-4618-84F0-5407400436B2}.Debug|Any CPU.Build.0 = Debug|Any CPU
		{21A1D568-11B3-4618-84F0-5407400436B2}.Debug|Any CPU.Deploy.0 = Debug|Any CPU
		{21A1D568-11B3-4618-84F0-5407400436B2}.Debug|iPhone.ActiveCfg = Debug|Any CPU
		{21A1D568-11B3-4618-84F0-5407400436B2}.Debug|iPhone.Build.0 = Debug|Any CPU
		{21A1D568-11B3-4618-84F0-5407400436B2}.Debug|iPhone.Deploy.0 = Debug|Any CPU
		{21A1D568-11B3-4618-84F0-5407400436B2}.Debug|iPhoneSimulator.ActiveCfg = Debug|Any CPU
		{21A1D568-11B3-4618-84F0-5407400436B2}.Debug|iPhoneSimulator.Build.0 = Debug|Any CPU
		{21A1D568-11B3-4618-84F0-5407400436B2}.Debug|iPhoneSimulator.Deploy.0 = Debug|Any CPU
		{21A1D568-11B3-4618-84F0-5407400436B2}.Release|Any CPU.ActiveCfg = Release|Any CPU
		{21A1D568-11B3-4618-84F0-5407400436B2}.Release|Any CPU.Build.0 = Release|Any CPU
		{21A1D568-11B3-4618-84F0-5407400436B2}.Release|Any CPU.Deploy.0 = Release|Any CPU
		{21A1D568-11B3-4618-84F0-5407400436B2}.Release|iPhone.ActiveCfg = Release|Any CPU
		{21A1D568-11B3-4618-84F0-5407400436B2}.Release|iPhone.Build.0 = Release|Any CPU
		{21A1D568-11B3-4618-84F0-5407400436B2}.Release|iPhone.Deploy.0 = Release|Any CPU
		{21A1D568-11B3-4618-84F0-5407400436B2}.Release|iPhoneSimulator.ActiveCfg = Release|Any CPU
		{21A1D568-11B3-4618-84F0-5407400436B2}.Release|iPhoneSimulator.Build.0 = Release|Any CPU
		{21A1D568-11B3-4618-84F0-5407400436B2}.Release|iPhoneSimulator.Deploy.0 = Release|Any CPU
		{A5913BFE-B733-4DE8-8858-46303C28FFC5}.Ad-Hoc|Any CPU.ActiveCfg = Ad-Hoc|iPhone
		{A5913BFE-B733-4DE8-8858-46303C28FFC5}.Ad-Hoc|iPhone.ActiveCfg = Ad-Hoc|iPhone
		{A5913BFE-B733-4DE8-8858-46303C28FFC5}.Ad-Hoc|iPhone.Build.0 = Ad-Hoc|iPhone
		{A5913BFE-B733-4DE8-8858-46303C28FFC5}.Ad-Hoc|iPhoneSimulator.ActiveCfg = Ad-Hoc|iPhoneSimulator
		{A5913BFE-B733-4DE8-8858-46303C28FFC5}.Ad-Hoc|iPhoneSimulator.Build.0 = Ad-Hoc|iPhoneSimulator
		{A5913BFE-B733-4DE8-8858-46303C28FFC5}.AppStore|Any CPU.ActiveCfg = AppStore|iPhone
		{A5913BFE-B733-4DE8-8858-46303C28FFC5}.AppStore|iPhone.ActiveCfg = AppStore|iPhone
		{A5913BFE-B733-4DE8-8858-46303C28FFC5}.AppStore|iPhone.Build.0 = AppStore|iPhone
		{A5913BFE-B733-4DE8-8858-46303C28FFC5}.AppStore|iPhoneSimulator.ActiveCfg = AppStore|iPhoneSimulator
		{A5913BFE-B733-4DE8-8858-46303C28FFC5}.AppStore|iPhoneSimulator.Build.0 = AppStore|iPhoneSimulator
		{A5913BFE-B733-4DE8-8858-46303C28FFC5}.Debug|Any CPU.ActiveCfg = Debug|iPhone
		{A5913BFE-B733-4DE8-8858-46303C28FFC5}.Debug|iPhone.ActiveCfg = Debug|iPhone
		{A5913BFE-B733-4DE8-8858-46303C28FFC5}.Debug|iPhone.Build.0 = Debug|iPhone
		{A5913BFE-B733-4DE8-8858-46303C28FFC5}.Debug|iPhoneSimulator.ActiveCfg = Debug|iPhoneSimulator
		{A5913BFE-B733-4DE8-8858-46303C28FFC5}.Debug|iPhoneSimulator.Build.0 = Debug|iPhoneSimulator
		{A5913BFE-B733-4DE8-8858-46303C28FFC5}.Release|Any CPU.ActiveCfg = Release|iPhone
		{A5913BFE-B733-4DE8-8858-46303C28FFC5}.Release|iPhone.ActiveCfg = Release|iPhone
		{A5913BFE-B733-4DE8-8858-46303C28FFC5}.Release|iPhone.Build.0 = Release|iPhone
		{A5913BFE-B733-4DE8-8858-46303C28FFC5}.Release|iPhoneSimulator.ActiveCfg = Release|iPhoneSimulator
		{A5913BFE-B733-4DE8-8858-46303C28FFC5}.Release|iPhoneSimulator.Build.0 = Release|iPhoneSimulator
	EndGlobalSection
	GlobalSection(SolutionProperties) = preSolution
		HideSolutionNode = FALSE
	EndGlobalSection
	GlobalSection(ExtensibilityGlobals) = postSolution
		SolutionGuid = {84BC2F92-DCEC-443A-AE18-C49B70E8919C}
	EndGlobalSection
EndGlobal
